PODS:
  - AFNetworking (3.2.1):
    - AFNetworking/NSURLSession (= 3.2.1)
    - AFNetworking/Reachability (= 3.2.1)
    - AFNetworking/Security (= 3.2.1)
    - AFNetworking/Serialization (= 3.2.1)
    - AFNetworking/UIKit (= 3.2.1)
  - AFNetworking/NSURLSession (3.2.1):
    - AFNetworking/Reachability
    - AFNetworking/Security
    - AFNetworking/Serialization
  - AFNetworking/Reachability (3.2.1)
  - AFNetworking/Security (3.2.1)
  - AFNetworking/Serialization (3.2.1)
  - AFNetworking/UIKit (3.2.1):
    - AFNetworking/NSURLSession
  - FLAnimatedImage (1.0.12)
  - FSPagerView (0.7.2)
  - NYTPhotoViewer (2.0.0):
    - NYTPhotoViewer/AnimatedGifSupport (= 2.0.0)
    - NYTPhotoViewer/Core (= 2.0.0)
  - NYTPhotoViewer/AnimatedGifSupport (2.0.0):
    - FLAnimatedImage (~> 1.0.12)
    - NYTPhotoViewer/Core
  - NYTPhotoViewer/Core (2.0.0)
  - SDWebImage (4.4.2):
    - SDWebImage/Core (= 4.4.2)
  - SDWebImage/Core (4.4.2)

DEPENDENCIES:
  - AFNetworking
  - FSPagerView (~> 0.7)
  - NYTPhotoViewer
  - SDWebImage

SPEC CHECKSUMS:
  AFNetworking: b6f891fdfaed196b46c7a83cf209e09697b94057
  FLAnimatedImage: 4a0b56255d9b05f18b6dd7ee06871be5d3b89e31
  FSPagerView: 7515f63c424da71623d299d4fbbfb3dd884642ff
  NYTPhotoViewer: 34b8bd6bcc297466adec1668f9a01249d73c90e6
  SDWebImage: 624d6e296c69b244bcede364c72ae0430ac14681

PODFILE CHECKSUM: 5a68b10dc327e186ad8ae51e647bb4d4edde6860

COCOAPODS: 1.4.0
